// !$*UTF8*$!
{
	archiveVersion = 1;
	classes = {
	};
	objectVersion = 50;
	objects = {

/* Begin PBXBuildFile section */
		610F3DA7231CA6A700F07A92 /* AppDelegate.swift in Sources */ = {isa = PBXBuildFile; fileRef = 610F3DA6231CA6A700F07A92 /* AppDelegate.swift */; };
		610F3DA9231CA6A700F07A92 /* ViewController.swift in Sources */ = {isa = PBXBuildFile; fileRef = 610F3DA8231CA6A700F07A92 /* ViewController.swift */; };
		610F3DAC231CA6A700F07A92 /* Main.storyboard in Resources */ = {isa = PBXBuildFile; fileRef = 610F3DAA231CA6A700F07A92 /* Main.storyboard */; };
		610F3DAE231CA6A800F07A92 /* Assets.xcassets in Resources */ = {isa = PBXBuildFile; fileRef = 610F3DAD231CA6A800F07A92 /* Assets.xcassets */; };
		610F3DB1231CA6A800F07A92 /* LaunchScreen.storyboard in Resources */ = {isa = PBXBuildFile; fileRef = 610F3DAF231CA6A800F07A92 /* LaunchScreen.storyboard */; };
/* End PBXBuildFile section */

/* Begin PBXFileReference section */
		610F3DA3231CA6A700F07A92 /* basic calculator app.app */ = {isa = PBXFileReference; explicitFileType = wrapper.application; includeInIndex = 0; path = "basic calculator app.app"; sourceTree = BUILT_PRODUCTS_DIR; };
		610F3DA6231CA6A700F07A92 /* AppDelegate.swift */ = {isa = PBXFileReference; lastKnownFileType = sourcecode.swift; path = AppDelegate.swift; sourceTree = "<group>"; };
		610F3DA8231CA6A700F07A92 /* ViewController.swift */ = {isa = PBXFileReference; lastKnownFileType = sourcecode.swift; path = ViewController.swift; sourceTree = "<group>"; };
		610F3DAB231CA6A700F07A92 /* Base */ = {isa = PBXFileReference; lastKnownFileType = file.storyboard; name = Base; path = Base.lproj/Main.storyboard; sourceTree = "<group>"; };
		610F3DAD231CA6A800F07A92 /* Assets.xcassets */ = {isa = PBXFileReference; lastKnownFileType = folder.assetcatalog; path = Assets.xcassets; sourceTree = "<group>"; };
		610F3DB0231CA6A800F07A92 /* Base */ = {isa = PBXFileReference; lastKnownFileType = file.storyboard; name = Base; path = Base.lproj/LaunchScreen.storyboard; sourceTree = "<group>"; };
		610F3DB2231CA6A800F07A92 /* Info.plist */ = {isa = PBXFileReference; lastKnownFileType = text.plist.xml; path = Info.plist; sourceTree = "<group>"; };
/* End PBXFileReference section */

/* Begin PBXFrameworksBuildPhase section */
		610F3DA0231CA6A700F07A92 /* Frameworks */ = {
			isa = PBXFrameworksBuildPhase;
			buildActionMask = 2147483647;
			files = (
			);
			runOnlyForDeploymentPostprocessing = 0;
		};
/* End PBXFrameworksBuildPhase section */

/* Begin PBXGroup section */
		610F3D9A231CA6A700F07A92 = {
			isa = PBXGroup;
			children = (
				610F3DA5231CA6A700F07A92 /* basic calculator app */,
				610F3DA4231CA6A700F07A92 /* Products */,
			);
			sourceTree = "<group>";
		};
		610F3DA4231CA6A700F07A92 /* Products */ = {
			isa = PBXGroup;
			children = (
				610F3DA3231CA6A700F07A92 /* basic calculator app.app */,
			);
			name = Products;
			sourceTree = "<group>";
		};
		610F3DA5231CA6A700F07A92 /* basic calculator app */ = {
			isa = PBXGroup;
			children = (
				610F3DA6231CA6A700F07A92 /* AppDelegate.swift */,
				610F3DA8231CA6A700F07A92 /* ViewController.swift */,
				610F3DAA231CA6A700F07A92 /* Main.storyboard */,
				610F3DAD231CA6A800F07A92 /* Assets.xcassets */,
				610F3DAF231CA6A800F07A92 /* LaunchScreen.storyboard */,
				610F3DB2231CA6A800F07A92 /* Info.plist */,
			);
			path = "basic calculator app";
			sourceTree = "<group>";
		};
/* End PBXGroup section */

/* Begin PBXNativeTarget section */
		610F3DA2231CA6A700F07A92 /* basic calculator app */ = {
			isa = PBXNativeTarget;
			buildConfigurationList = 610F3DB5231CA6A800F07A92 /* Build configuration list for PBXNativeTarget "basic calculator app" */;
			buildPhases = (
				610F3D9F231CA6A700F07A92 /* Sources */,
				610F3DA0231CA6A700F07A92 /* Frameworks */,
				610F3DA1231CA6A700F07A92 /* Resources */,
			);
			buildRules = (
			);
			dependencies = (
			);
			name = "basic calculator app";
			productName = "basic calculator app";
			productReference = 610F3DA3231CA6A700F07A92 /* basic calculator app.app */;
			productType = "com.apple.product-type.application";
		};
/* End PBXNativeTarget section */

/* Begin PBXProject section */
		610F3D9B231CA6A700F07A92 /* Project object */ = {
			isa = PBXProject;
			attributes = {
				LastSwiftUpdateCheck = 1030;
				LastUpgradeCheck = 1030;
				ORGANIZATIONNAME = "Jus Productions";
				TargetAttributes = {
					610F3DA2231CA6A700F07A92 = {
						CreatedOnToolsVersion = 10.3;
					};
				};
			};
			buildConfigurationList = 610F3D9E231CA6A700F07A92 /* Build configuration list for PBXProject "basic calculator app" */;
			compatibilityVersion = "Xcode 9.3";
			developmentRegion = en;
			hasScannedForEncodings = 0;
			knownRegions = (
				en,
				Base,
			);
			mainGroup = 610F3D9A231CA6A700F07A92;
			productRefGroup = 610F3DA4231CA6A700F07A92 /* Products */;
			projectDirPath = "";
			projectRoot = "";
			targets = (
				610F3DA2231CA6A700F07A92 /* basic calculator app */,
			);
		};
/* End PBXProject section */

/* Begin PBXResourcesBuildPhase section */
		610F3DA1231CA6A700F07A92 /* Resources */ = {
			isa = PBXResourcesBuildPhase;
			buildActionMask = 2147483647;
			files = (
				610F3DB1231CA6A800F07A92 /* LaunchScreen.storyboard in Resources */,
				610F3DAE231CA6A800F07A92 /* Assets.xcassets in Resources */,
				610F3DAC231CA6A700F07A92 /* Main.storyboard in Resources */,
			);
			runOnlyForDeploymentPostprocessing = 0;
		};
/* End PBXResourcesBuildPhase section */

/* Begin PBXSourcesBuildPhase section */
		610F3D9F231CA6A700F07A92 /* Sources */ = {
			isa = PBXSourcesBuildPhase;
			buildActionMask = 2147483647;
			files = (
				610F3DA9231CA6A700F07A92 /* ViewController.swift in Sources */,
				610F3DA7231CA6A700F07A92 /* AppDelegate.swift in Sources */,
			);
			runOnlyForDeploymentPostprocessing = 0;
		};
/* End PBXSourcesBuildPhase section */

/* Begin PBXVariantGroup section */
		610F3DAA231CA6A700F07A92 /* Main.storyboard */ = {
			isa = PBXVariantGroup;
			children = (
				610F3DAB231CA6A700F07A92 /* Base */,
			);
			name = Main.storyboard;
			sourceTree = "<group>";
		};
		610F3DAF231CA6A800F07A92 /* LaunchScreen.storyboard */ = {
			isa = PBXVariantGroup;
			children = (
				610F3DB0231CA6A800F07A92 /* Base */,
			);
			name = LaunchScreen.storyboard;
			sourceTree = "<group>";
		};
/* End PBXVariantGroup section */

/* Begin XCBuildConfiguration section */
		610F3DB3231CA6A800F07A92 /* Debug */ = {
			isa = XCBuildConfiguration;
			buildSettings = {
				ALWAYS_SEARCH_USER_PATHS = NO;
				CLANG_ANALYZER_NONNULL = YES;
				CLANG_ANALYZER_NUMBER_OBJECT_CONVERSION = YES_AGGRESSIVE;
				CLANG_CXX_LANGUAGE_STANDARD = "gnu++14";
				CLANG_CXX_LIBRARY = "libc++";
				CLANG_ENABLE_MODULES = YES;
				CLANG_ENABLE_OBJC_ARC = YES;
				CLANG_ENABLE_OBJC_WEAK = YES;
				CLANG_WARN_BLOCK_CAPTURE_AUTORELEASING = YES;
				CLANG_WARN_BOOL_CONVERSION = YES;
				CLANG_WARN_COMMA = YES;
				CLANG_WARN_CONSTANT_CONVERSION = YES;
				CLANG_WARN_DEPRECATED_OBJC_IMPLEMENTATIONS = YES;
				CLANG_WARN_DIRECT_OBJC_ISA_USAGE = YES_ERROR;
				CLANG_WARN_DOCUMENTATION_COMMENTS = YES;
				CLANG_WARN_EMPTY_BODY = YES;
				CLANG_WARN_ENUM_CONVERSION = YES;
				CLANG_WARN_INFINITE_RECURSION = YES;
				CLANG_WARN_INT_CONVERSION = YES;
				CLANG_WARN_NON_LITERAL_NULL_CONVERSION = YES;
				CLANG_WARN_OBJC_IMPLICIT_RETAIN_SELF = YES;
				CLANG_WARN_OBJC_LITERAL_CONVERSION = YES;
				CLANG_WARN_OBJC_ROOT_CLASS = YES_ERROR;
				CLANG_WARN_RANGE_LOOP_ANALYSIS = YES;
				CLANG_WARN_STRICT_PROTOTYPES = YES;
				CLANG_WARN_SUSPICIOUS_MOVE = YES;
				CLANG_WARN_UNGUARDED_AVAILABILITY = YES_AGGRESSIVE;
				CLANG_WARN_UNREACHABLE_CODE = YES;
				CLANG_WARN__DUPLICATE_METHOD_MATCH = YES;
				CODE_SIGN_IDENTITY = "iPhone Developer";
				COPY_PHASE_STRIP = NO;
				DEBUG_INFORMATION_FORMAT = dwarf;
				ENABLE_STRICT_OBJC_MSGSEND = YES;
				ENABLE_TESTABILITY = YES;
				GCC_C_LANGUAGE_STANDARD = gnu11;
				GCC_DYNAMIC_NO_PIC = NO;
				GCC_NO_COMMON_BLOCKS = YES;
				GCC_OPTIMIZATION_LEVEL = 0;
				GCC_PREPROCESSOR_DEFINITIONS = (
					"DEBUG=1",
					"$(inherited)",
				);
				GCC_WARN_64_TO_32_BIT_CONVERSION = YES;
				GCC_WARN_ABOUT_RETURN_TYPE = YES_ERROR;
				GCC_WARN_UNDECLARED_SELECTOR = YES;
				GCC_WARN_UNINITIALIZED_AUTOS = YES_AGGRESSIVE;
				GCC_WARN_UNUSED_FUNCTION = YES;
				GCC_WARN_UNUSED_VARIABLE = YES;
				IPHONEOS_DEPLOYMENT_TARGET = 12.4;
				MTL_ENABLE_DEBUG_INFO = INCLUDE_SOURCE;
				MTL_FAST_MATH = YES;
				ONLY_ACTIVE_ARCH = YES;
				SDKROOT = iphoneos;
				SWIFT_ACTIVE_COMPILATION_CONDITIONS = DEBUG;
				SWIFT_OPTIMIZATION_LEVEL = "-Onone";
			};
			name = Debug;
		};
		610F3DB4231CA6A800F07A92 /* Release */ = {
			isa = XCBuildConfiguration;
			buildSettings = {
				ALWAYS_SEARCH_USER_PATHS = NO;
				CLANG_ANALYZER_NONNULL = YES;
				CLANG_ANALYZER_NUMBER_OBJECT_CONVERSION = YES_AGGRESSIVE;
				CLANG_CXX_LANGUAGE_STANDARD = "gnu++14";
				CLANG_CXX_LIBRARY = "libc++";
				CLANG_ENABLE_MODULES = YES;
				CLANG_ENABLE_OBJC_ARC = YES;
				CLANG_ENABLE_OBJC_WEAK = YES;
				CLANG_WARN_BLOCK_CAPTURE_AUTORELEASING = YES;
				CLANG_WARN_BOOL_CONVERSION = YES;
				CLANG_WARN_COMMA = YES;
				CLANG_WARN_CONSTANT_CONVERSION = YES;
				CLANG_WARN_DEPRECATED_OBJC_IMPLEMENTATIONS = YES;
				CLANG_WARN_DIRECT_OBJC_ISA_USAGE = YES_ERROR;
				CLANG_WARN_DOCUMENTATION_COMMENTS = YES;
				CLANG_WARN_EMPTY_BODY = YES;
				CLANG_WARN_ENUM_CONVERSION = YES;
				CLANG_WARN_INFINITE_RECURSION = YES;
				CLANG_WARN_INT_CONVERSION = YES;
				CLANG_WARN_NON_LITERAL_NULL_CONVERSION = YES;
				CLANG_WARN_OBJC_IMPLICIT_RETAIN_SELF = YES;
				CLANG_WARN_OBJC_LITERAL_CONVERSION = YES;
				CLANG_WARN_OBJC_ROOT_CLASS = YES_ERROR;
				CLANG_WARN_RANGE_LOOP_ANALYSIS = YES;
				CLANG_WARN_STRICT_PROTOTYPES = YES;
				CLANG_WARN_SUSPICIOUS_MOVE = YES;
				CLANG_WARN_UNGUARDED_AVAILABILITY = YES_AGGRESSIVE;
				CLANG_WARN_UNREACHABLE_CODE = YES;
				CLANG_WARN__DUPLICATE_METHOD_MATCH = YES;
				CODE_SIGN_IDENTITY = "iPhone Developer";
				COPY_PHASE_STRIP = NO;
				DEBUG_INFORMATION_FORMAT = "dwarf-with-dsym";
				ENABLE_NS_ASSERTIONS = NO;
				ENABLE_STRICT_OBJC_MSGSEND = YES;
				GCC_C_LANGUAGE_STANDARD = gnu11;
				GCC_NO_COMMON_BLOCKS = YES;
				GCC_WARN_64_TO_32_BIT_CONVERSION = YES;
				GCC_WARN_ABOUT_RETURN_TYPE = YES_ERROR;
				GCC_WARN_UNDECLARED_SELECTOR = YES;
				GCC_WARN_UNINITIALIZED_AUTOS = YES_AGGRESSIVE;
				GCC_WARN_UNUSED_FUNCTION = YES;
				GCC_WARN_UNUSED_VARIABLE = YES;
				IPHONEOS_DEPLOYMENT_TARGET = 12.4;
				MTL_ENABLE_DEBUG_INFO = NO;
				MTL_FAST_MATH = YES;
				SDKROOT = iphoneos;
				SWIFT_COMPILATION_MODE = wholemodule;
				SWIFT_OPTIMIZATION_LEVEL = "-O";
				VALIDATE_PRODUCT = YES;
			};
			name = Release;
		};
		610F3DB6231CA6A800F07A92 /* Debug */ = {
			isa = XCBuildConfiguration;
			buildSettings = {
				ASSETCATALOG_COMPILER_APPICON_NAME = AppIcon;
				CODE_SIGN_STYLE = Automatic;
				DEVELOPMENT_TEAM = Q3A4666N9B;
				INFOPLIST_FILE = "basic calculator app/Info.plist";
				LD_RUNPATH_SEARCH_PATHS = (
					"$(inherited)",
					"@executable_path/Frameworks",
				);
				PRODUCT_BUNDLE_IDENTIFIER = "com.jusproductions.basic-calculator-app";
				PRODUCT_NAME = "$(TARGET_NAME)";
				SWIFT_VERSION = 5.0;
				TARGETED_DEVICE_FAMILY = "1,2";
			};
			name = Debug;
		};
		610F3DB7231CA6A800F07A92 /* Release */ = {
			isa = XCBuildConfiguration;
			buildSettings = {
				ASSETCATALOG_COMPILER_APPICON_NAME = AppIcon;
				CODE_SIGN_STYLE = Automatic;
				DEVELOPMENT_TEAM = Q3A4666N9B;
				INFOPLIST_FILE = "basic calculator app/Info.plist";
				LD_RUNPATH_SEARCH_PATHS = (
					"$(inherited)",
					"@executable_path/Frameworks",
				);
				PRODUCT_BUNDLE_IDENTIFIER = "com.jusproductions.basic-calculator-app";
				PRODUCT_NAME = "$(TARGET_NAME)";
				SWIFT_VERSION = 5.0;
				TARGETED_DEVICE_FAMILY = "1,2";
			};
			name = Release;
		};
/* End XCBuildConfiguration section */

/* Begin XCConfigurationList section */
		610F3D9E231CA6A700F07A92 /* Build configuration list for PBXProject "basic calculator app" */ = {
			isa = XCConfigurationList;
			buildConfigurations = (
				610F3DB3231CA6A800F07A92 /* Debug */,
				610F3DB4231CA6A800F07A92 /* Release */,
			);
			defaultConfigurationIsVisible = 0;
			defaultConfigurationName = Release;
		};
		610F3DB5231CA6A800F07A92 /* Build configuration list for PBXNativeTarget "basic calculator app" */ = {
			isa = XCConfigurationList;
			buildConfigurations = (
				610F3DB6231CA6A800F07A92 /* Debug */,
				610F3DB7231CA6A800F07A92 /* Release */,
			);
			defaultConfigurationIsVisible = 0;
			defaultConfigurationName = Release;
		};
/* End XCConfigurationList section */
	};
	rootObject = 610F3D9B231CA6A700F07A92 /* Project object */;
}
